
Microsoft Visual Studio Solution File, Format Version 12.00
# Visual Studio Version 16
VisualStudioVersion = 16.0.30114.105
MinimumVisualStudioVersion = 10.0.40219.1
Project("{FAE04EC0-301F-11D3-BF4B-00C04F79EFBC}") = "TrenchMap.App", "TrenchMap.App\TrenchMap.App.csproj", "{772922E7-6612-4D44-AEF6-43E7E17B8041}"
EndProject
Project("{FAE04EC0-301F-11D3-BF4B-00C04F79EFBC}") = "AdventOfCode.Lib", "..\..\..\AdventOfCode\AdventOfCode.Lib\AdventOfCode.Lib.csproj", "{768933C8-124C-40F6-BE8F-B56612B32B50}"
EndProject
Global
	GlobalSection(SolutionConfigurationPlatforms) = preSolution
		Debug|Any CPU = Debug|Any CPU
		Debug|x64 = Debug|x64
		Debug|x86 = Debug|x86
		Release|Any CPU = Release|Any CPU
		Release|x64 = Release|x64
		Release|x86 = Release|x86
	EndGlobalSection
	GlobalSection(SolutionProperties) = preSolution
		HideSolutionNode = FALSE
	EndGlobalSection
	GlobalSection(ProjectConfigurationPlatforms) = postSolution
		{772922E7-6612-4D44-AEF6-43E7E17B8041}.Debug|Any CPU.ActiveCfg = Debug|Any CPU
		{772922E7-6612-4D44-AEF6-43E7E17B8041}.Debug|Any CPU.Build.0 = Debug|Any CPU
		{772922E7-6612-4D44-AEF6-43E7E17B8041}.Debug|x64.ActiveCfg = Debug|Any CPU
		{772922E7-6612-4D44-AEF6-43E7E17B8041}.Debug|x64.Build.0 = Debug|Any CPU
		{772922E7-6612-4D44-AEF6-43E7E17B8041}.Debug|x86.ActiveCfg = Debug|Any CPU
		{772922E7-6612-4D44-AEF6-43E7E17B8041}.Debug|x86.Build.0 = Debug|Any CPU
		{772922E7-6612-4D44-AEF6-43E7E17B8041}.Release|Any CPU.ActiveCfg = Release|Any CPU
		{772922E7-6612-4D44-AEF6-43E7E17B8041}.Release|Any CPU.Build.0 = Release|Any CPU
		{772922E7-6612-4D44-AEF6-43E7E17B8041}.Release|x64.ActiveCfg = Release|Any CPU
		{772922E7-6612-4D44-AEF6-43E7E17B8041}.Release|x64.Build.0 = Release|Any CPU
		{772922E7-6612-4D44-AEF6-43E7E17B8041}.Release|x86.ActiveCfg = Release|Any CPU
		{772922E7-6612-4D44-AEF6-43E7E17B8041}.Release|x86.Build.0 = Release|Any CPU
		{768933C8-124C-40F6-BE8F-B56612B32B50}.Debug|Any CPU.ActiveCfg = Debug|Any CPU
		{768933C8-124C-40F6-BE8F-B56612B32B50}.Debug|Any CPU.Build.0 = Debug|Any CPU
		{768933C8-124C-40F6-BE8F-B56612B32B50}.Debug|x64.ActiveCfg = Debug|Any CPU
		{768933C8-124C-40F6-BE8F-B56612B32B50}.Debug|x64.Build.0 = Debug|Any CPU
		{768933C8-124C-40F6-BE8F-B56612B32B50}.Debug|x86.ActiveCfg = Debug|Any CPU
		{768933C8-124C-40F6-BE8F-B56612B32B50}.Debug|x86.Build.0 = Debug|Any CPU
		{768933C8-124C-40F6-BE8F-B56612B32B50}.Release|Any CPU.ActiveCfg = Release|Any CPU
		{768933C8-124C-40F6-BE8F-B56612B32B50}.Release|Any CPU.Build.0 = Release|Any CPU
		{768933C8-124C-40F6-BE8F-B56612B32B50}.Release|x64.ActiveCfg = Release|Any CPU
		{768933C8-124C-40F6-BE8F-B56612B32B50}.Release|x64.Build.0 = Release|Any CPU
		{768933C8-124C-40F6-BE8F-B56612B32B50}.Release|x86.ActiveCfg = Release|Any CPU
		{768933C8-124C-40F6-BE8F-B56612B32B50}.Release|x86.Build.0 = Release|Any CPU
	EndGlobalSection
EndGlobal
