
Microsoft Visual Studio Solution File, Format Version 12.00
# Visual Studio Version 16
VisualStudioVersion = 16.0.31729.503
MinimumVisualStudioVersion = 10.0.40219.1
Project("{FAE04EC0-301F-11D3-BF4B-00C04F79EFBC}") = "BinaryDiagnostic.App", "BinaryDiagnostic.App\BinaryDiagnostic.App.csproj", "{8CB46361-6CC7-470F-AF69-3B8233482C90}"
EndProject
Project("{9A19103F-16F7-4668-BE54-9A1E7A4F7556}") = "AdventOfCode.Lib", "..\..\..\AdventOfCode\AdventOfCode.Lib\AdventOfCode.Lib.csproj", "{C5194EEE-C96B-42DB-A2E3-1E4C031D521F}"
EndProject
Global
	GlobalSection(SolutionConfigurationPlatforms) = preSolution
		Debug|Any CPU = Debug|Any CPU
		Release|Any CPU = Release|Any CPU
	EndGlobalSection
	GlobalSection(ProjectConfigurationPlatforms) = postSolution
		{8CB46361-6CC7-470F-AF69-3B8233482C90}.Debug|Any CPU.ActiveCfg = Debug|Any CPU
		{8CB46361-6CC7-470F-AF69-3B8233482C90}.Debug|Any CPU.Build.0 = Debug|Any CPU
		{8CB46361-6CC7-470F-AF69-3B8233482C90}.Release|Any CPU.ActiveCfg = Release|Any CPU
		{8CB46361-6CC7-470F-AF69-3B8233482C90}.Release|Any CPU.Build.0 = Release|Any CPU
		{C5194EEE-C96B-42DB-A2E3-1E4C031D521F}.Debug|Any CPU.ActiveCfg = Debug|Any CPU
		{C5194EEE-C96B-42DB-A2E3-1E4C031D521F}.Debug|Any CPU.Build.0 = Debug|Any CPU
		{C5194EEE-C96B-42DB-A2E3-1E4C031D521F}.Release|Any CPU.ActiveCfg = Release|Any CPU
		{C5194EEE-C96B-42DB-A2E3-1E4C031D521F}.Release|Any CPU.Build.0 = Release|Any CPU
	EndGlobalSection
	GlobalSection(SolutionProperties) = preSolution
		HideSolutionNode = FALSE
	EndGlobalSection
	GlobalSection(ExtensibilityGlobals) = postSolution
		SolutionGuid = {1DAE24AF-1905-4514-912D-9A0F57038353}
	EndGlobalSection
EndGlobal
