
Microsoft Visual Studio Solution File, Format Version 12.00
# Visual Studio Version 17
VisualStudioVersion = 17.0.31903.59
MinimumVisualStudioVersion = 10.0.40219.1
Project("{FAE04EC0-301F-11D3-BF4B-00C04F79EFBC}") = "Scratchcards.App", "Scratchcards.App\Scratchcards.App.csproj", "{AA4C98B8-6451-4E24-A851-6EC35C9F0588}"
EndProject
Project("{FAE04EC0-301F-11D3-BF4B-00C04F79EFBC}") = "AdventOfCode.Lib", "..\..\..\AdventOfCode\AdventOfCode.Lib\AdventOfCode.Lib.csproj", "{D3A541D5-A702-4DCA-A46A-790D5EB6F65D}"
EndProject
Global
	GlobalSection(SolutionConfigurationPlatforms) = preSolution
		Debug|Any CPU = Debug|Any CPU
		Release|Any CPU = Release|Any CPU
	EndGlobalSection
	GlobalSection(SolutionProperties) = preSolution
		HideSolutionNode = FALSE
	EndGlobalSection
	GlobalSection(ProjectConfigurationPlatforms) = postSolution
		{AA4C98B8-6451-4E24-A851-6EC35C9F0588}.Debug|Any CPU.ActiveCfg = Debug|Any CPU
		{AA4C98B8-6451-4E24-A851-6EC35C9F0588}.Debug|Any CPU.Build.0 = Debug|Any CPU
		{AA4C98B8-6451-4E24-A851-6EC35C9F0588}.Release|Any CPU.ActiveCfg = Release|Any CPU
		{AA4C98B8-6451-4E24-A851-6EC35C9F0588}.Release|Any CPU.Build.0 = Release|Any CPU
		{D3A541D5-A702-4DCA-A46A-790D5EB6F65D}.Debug|Any CPU.ActiveCfg = Debug|Any CPU
		{D3A541D5-A702-4DCA-A46A-790D5EB6F65D}.Debug|Any CPU.Build.0 = Debug|Any CPU
		{D3A541D5-A702-4DCA-A46A-790D5EB6F65D}.Release|Any CPU.ActiveCfg = Release|Any CPU
		{D3A541D5-A702-4DCA-A46A-790D5EB6F65D}.Release|Any CPU.Build.0 = Release|Any CPU
	EndGlobalSection
EndGlobal
