
Microsoft Visual Studio Solution File, Format Version 12.00
Project("{FAE04EC0-301F-11D3-BF4B-00C04F79EFBC}") = "ChronospatialComputer.App", "ChronospatialComputer.App.csproj", "{8A36CEE7-80B9-4C04-BF6F-6E1B222B2D99}"
EndProject
Project("{FAE04EC0-301F-11D3-BF4B-00C04F79EFBC}") = "AdventOfCode.Lib", "..\..\..\AdventOfCode\AdventOfCode.Lib\AdventOfCode.Lib.csproj", "{84506633-4315-4903-B1C0-CEAE3B08FFA3}"
EndProject
Global
	GlobalSection(SolutionConfigurationPlatforms) = preSolution
		Debug|Any CPU = Debug|Any CPU
		Release|Any CPU = Release|Any CPU
	EndGlobalSection
	GlobalSection(ProjectConfigurationPlatforms) = postSolution
		{8A36CEE7-80B9-4C04-BF6F-6E1B222B2D99}.Debug|Any CPU.ActiveCfg = Debug|Any CPU
		{8A36CEE7-80B9-4C04-BF6F-6E1B222B2D99}.Debug|Any CPU.Build.0 = Debug|Any CPU
		{8A36CEE7-80B9-4C04-BF6F-6E1B222B2D99}.Release|Any CPU.ActiveCfg = Release|Any CPU
		{8A36CEE7-80B9-4C04-BF6F-6E1B222B2D99}.Release|Any CPU.Build.0 = Release|Any CPU
		{84506633-4315-4903-B1C0-CEAE3B08FFA3}.Debug|Any CPU.ActiveCfg = Debug|Any CPU
		{84506633-4315-4903-B1C0-CEAE3B08FFA3}.Debug|Any CPU.Build.0 = Debug|Any CPU
		{84506633-4315-4903-B1C0-CEAE3B08FFA3}.Release|Any CPU.ActiveCfg = Release|Any CPU
		{84506633-4315-4903-B1C0-CEAE3B08FFA3}.Release|Any CPU.Build.0 = Release|Any CPU
	EndGlobalSection
EndGlobal
