
Microsoft Visual Studio Solution File, Format Version 12.00
# Visual Studio Version 16
VisualStudioVersion = 16.0.31729.503
MinimumVisualStudioVersion = 10.0.40219.1
Project("{FAE04EC0-301F-11D3-BF4B-00C04F79EFBC}") = "TreacheryOfWales.App", "TreacheryOfWales.App\TreacheryOfWales.App.csproj", "{2B17E6BF-8212-44CD-B4CC-85F6938239AB}"
EndProject
Project("{9A19103F-16F7-4668-BE54-9A1E7A4F7556}") = "AdventOfCode.Lib", "..\..\..\AdventOfCode\AdventOfCode.Lib\AdventOfCode.Lib.csproj", "{526674DA-E940-4A10-B06E-877D4E1FA2D1}"
EndProject
Global
	GlobalSection(SolutionConfigurationPlatforms) = preSolution
		Debug|Any CPU = Debug|Any CPU
		Release|Any CPU = Release|Any CPU
	EndGlobalSection
	GlobalSection(ProjectConfigurationPlatforms) = postSolution
		{2B17E6BF-8212-44CD-B4CC-85F6938239AB}.Debug|Any CPU.ActiveCfg = Debug|Any CPU
		{2B17E6BF-8212-44CD-B4CC-85F6938239AB}.Debug|Any CPU.Build.0 = Debug|Any CPU
		{2B17E6BF-8212-44CD-B4CC-85F6938239AB}.Release|Any CPU.ActiveCfg = Release|Any CPU
		{2B17E6BF-8212-44CD-B4CC-85F6938239AB}.Release|Any CPU.Build.0 = Release|Any CPU
		{526674DA-E940-4A10-B06E-877D4E1FA2D1}.Debug|Any CPU.ActiveCfg = Debug|Any CPU
		{526674DA-E940-4A10-B06E-877D4E1FA2D1}.Debug|Any CPU.Build.0 = Debug|Any CPU
		{526674DA-E940-4A10-B06E-877D4E1FA2D1}.Release|Any CPU.ActiveCfg = Release|Any CPU
		{526674DA-E940-4A10-B06E-877D4E1FA2D1}.Release|Any CPU.Build.0 = Release|Any CPU
	EndGlobalSection
	GlobalSection(SolutionProperties) = preSolution
		HideSolutionNode = FALSE
	EndGlobalSection
	GlobalSection(ExtensibilityGlobals) = postSolution
		SolutionGuid = {452B3B20-AAE7-40CF-9B59-30CFB9ACCC89}
	EndGlobalSection
EndGlobal
