
Microsoft Visual Studio Solution File, Format Version 12.00
# Visual Studio Version 17
VisualStudioVersion = 17.0.31903.59
MinimumVisualStudioVersion = 10.0.40219.1
Project("{FAE04EC0-301F-11D3-BF4B-00C04F79EFBC}") = "Fertilizer.App", "Fertilizer.App\Fertilizer.App.csproj", "{05B0D492-0196-46B3-BEED-2CF892B4DB6A}"
EndProject
Project("{FAE04EC0-301F-11D3-BF4B-00C04F79EFBC}") = "AdventOfCode.Lib", "..\..\..\AdventOfCode\AdventOfCode.Lib\AdventOfCode.Lib.csproj", "{E5873204-C24E-4E45-81CE-853B81939CFB}"
EndProject
Global
	GlobalSection(SolutionConfigurationPlatforms) = preSolution
		Debug|Any CPU = Debug|Any CPU
		Release|Any CPU = Release|Any CPU
	EndGlobalSection
	GlobalSection(SolutionProperties) = preSolution
		HideSolutionNode = FALSE
	EndGlobalSection
	GlobalSection(ProjectConfigurationPlatforms) = postSolution
		{05B0D492-0196-46B3-BEED-2CF892B4DB6A}.Debug|Any CPU.ActiveCfg = Debug|Any CPU
		{05B0D492-0196-46B3-BEED-2CF892B4DB6A}.Debug|Any CPU.Build.0 = Debug|Any CPU
		{05B0D492-0196-46B3-BEED-2CF892B4DB6A}.Release|Any CPU.ActiveCfg = Release|Any CPU
		{05B0D492-0196-46B3-BEED-2CF892B4DB6A}.Release|Any CPU.Build.0 = Release|Any CPU
		{E5873204-C24E-4E45-81CE-853B81939CFB}.Debug|Any CPU.ActiveCfg = Debug|Any CPU
		{E5873204-C24E-4E45-81CE-853B81939CFB}.Debug|Any CPU.Build.0 = Debug|Any CPU
		{E5873204-C24E-4E45-81CE-853B81939CFB}.Release|Any CPU.ActiveCfg = Release|Any CPU
		{E5873204-C24E-4E45-81CE-853B81939CFB}.Release|Any CPU.Build.0 = Release|Any CPU
	EndGlobalSection
EndGlobal
