
Microsoft Visual Studio Solution File, Format Version 12.00
# Visual Studio Version 17
VisualStudioVersion = 17.1.32421.90
MinimumVisualStudioVersion = 10.0.40219.1
Project("{FAE04EC0-301F-11D3-BF4B-00C04F79EFBC}") = "CalorieCounting.App", "CalorieCounting.App\CalorieCounting.App.csproj", "{6B2307EE-FDE3-4318-BE2C-AFCC9E33DBCD}"
EndProject
Global
	GlobalSection(SolutionConfigurationPlatforms) = preSolution
		Debug|Any CPU = Debug|Any CPU
		Release|Any CPU = Release|Any CPU
	EndGlobalSection
	GlobalSection(ProjectConfigurationPlatforms) = postSolution
		{6B2307EE-FDE3-4318-BE2C-AFCC9E33DBCD}.Debug|Any CPU.ActiveCfg = Debug|Any CPU
		{6B2307EE-FDE3-4318-BE2C-AFCC9E33DBCD}.Debug|Any CPU.Build.0 = Debug|Any CPU
		{6B2307EE-FDE3-4318-BE2C-AFCC9E33DBCD}.Release|Any CPU.ActiveCfg = Release|Any CPU
		{6B2307EE-FDE3-4318-BE2C-AFCC9E33DBCD}.Release|Any CPU.Build.0 = Release|Any CPU
	EndGlobalSection
	GlobalSection(SolutionProperties) = preSolution
		HideSolutionNode = FALSE
	EndGlobalSection
	GlobalSection(ExtensibilityGlobals) = postSolution
		SolutionGuid = {3DDE88C1-963B-4C2B-BF38-9B4F127DF0B6}
	EndGlobalSection
EndGlobal
