
Microsoft Visual Studio Solution File, Format Version 12.00
# Visual Studio Version 17
VisualStudioVersion = 17.5.2.0
MinimumVisualStudioVersion = 10.0.40219.1
Project("{FAE04EC0-301F-11D3-BF4B-00C04F79EFBC}") = "Playground", "Playground\Playground.csproj", "{FEC2B375-D171-D453-285E-673150414EB1}"
EndProject
Project("{FAE04EC0-301F-11D3-BF4B-00C04F79EFBC}") = "Factory", "..\10\Factory\Factory.csproj", "{ACA967D9-AC11-4754-AA4D-09F4AEFED239}"
EndProject
Global
	GlobalSection(SolutionConfigurationPlatforms) = preSolution
		Debug|Any CPU = Debug|Any CPU
		Debug|x64 = Debug|x64
		Debug|x86 = Debug|x86
		Release|Any CPU = Release|Any CPU
		Release|x64 = Release|x64
		Release|x86 = Release|x86
	EndGlobalSection
	GlobalSection(ProjectConfigurationPlatforms) = postSolution
		{FEC2B375-D171-D453-285E-673150414EB1}.Debug|Any CPU.ActiveCfg = Debug|Any CPU
		{FEC2B375-D171-D453-285E-673150414EB1}.Debug|Any CPU.Build.0 = Debug|Any CPU
		{FEC2B375-D171-D453-285E-673150414EB1}.Debug|x64.ActiveCfg = Debug|Any CPU
		{FEC2B375-D171-D453-285E-673150414EB1}.Debug|x64.Build.0 = Debug|Any CPU
		{FEC2B375-D171-D453-285E-673150414EB1}.Debug|x86.ActiveCfg = Debug|Any CPU
		{FEC2B375-D171-D453-285E-673150414EB1}.Debug|x86.Build.0 = Debug|Any CPU
		{FEC2B375-D171-D453-285E-673150414EB1}.Release|Any CPU.ActiveCfg = Release|Any CPU
		{FEC2B375-D171-D453-285E-673150414EB1}.Release|Any CPU.Build.0 = Release|Any CPU
		{FEC2B375-D171-D453-285E-673150414EB1}.Release|x64.ActiveCfg = Release|Any CPU
		{FEC2B375-D171-D453-285E-673150414EB1}.Release|x64.Build.0 = Release|Any CPU
		{FEC2B375-D171-D453-285E-673150414EB1}.Release|x86.ActiveCfg = Release|Any CPU
		{FEC2B375-D171-D453-285E-673150414EB1}.Release|x86.Build.0 = Release|Any CPU
		{ACA967D9-AC11-4754-AA4D-09F4AEFED239}.Debug|Any CPU.ActiveCfg = Debug|Any CPU
		{ACA967D9-AC11-4754-AA4D-09F4AEFED239}.Debug|Any CPU.Build.0 = Debug|Any CPU
		{ACA967D9-AC11-4754-AA4D-09F4AEFED239}.Debug|x64.ActiveCfg = Debug|Any CPU
		{ACA967D9-AC11-4754-AA4D-09F4AEFED239}.Debug|x64.Build.0 = Debug|Any CPU
		{ACA967D9-AC11-4754-AA4D-09F4AEFED239}.Debug|x86.ActiveCfg = Debug|Any CPU
		{ACA967D9-AC11-4754-AA4D-09F4AEFED239}.Debug|x86.Build.0 = Debug|Any CPU
		{ACA967D9-AC11-4754-AA4D-09F4AEFED239}.Release|Any CPU.ActiveCfg = Release|Any CPU
		{ACA967D9-AC11-4754-AA4D-09F4AEFED239}.Release|Any CPU.Build.0 = Release|Any CPU
		{ACA967D9-AC11-4754-AA4D-09F4AEFED239}.Release|x64.ActiveCfg = Release|Any CPU
		{ACA967D9-AC11-4754-AA4D-09F4AEFED239}.Release|x64.Build.0 = Release|Any CPU
		{ACA967D9-AC11-4754-AA4D-09F4AEFED239}.Release|x86.ActiveCfg = Release|Any CPU
		{ACA967D9-AC11-4754-AA4D-09F4AEFED239}.Release|x86.Build.0 = Release|Any CPU
	EndGlobalSection
	GlobalSection(SolutionProperties) = preSolution
		HideSolutionNode = FALSE
	EndGlobalSection
	GlobalSection(ExtensibilityGlobals) = postSolution
		SolutionGuid = {8036B4FD-1C5F-4101-B590-A0CA1103CE37}
	EndGlobalSection
EndGlobal
