
Microsoft Visual Studio Solution File, Format Version 12.00
# Visual Studio Version 17
VisualStudioVersion = 17.1.32421.90
MinimumVisualStudioVersion = 10.0.40219.1
Project("{FAE04EC0-301F-11D3-BF4B-00C04F79EFBC}") = "RockPaperScissors.App", "RockPaperScissors.App\RockPaperScissors.App.csproj", "{A85BD4C9-A320-43B2-86EF-34AE4383CFDA}"
EndProject
Global
	GlobalSection(SolutionConfigurationPlatforms) = preSolution
		Debug|Any CPU = Debug|Any CPU
		Release|Any CPU = Release|Any CPU
	EndGlobalSection
	GlobalSection(ProjectConfigurationPlatforms) = postSolution
		{A85BD4C9-A320-43B2-86EF-34AE4383CFDA}.Debug|Any CPU.ActiveCfg = Debug|Any CPU
		{A85BD4C9-A320-43B2-86EF-34AE4383CFDA}.Debug|Any CPU.Build.0 = Debug|Any CPU
		{A85BD4C9-A320-43B2-86EF-34AE4383CFDA}.Release|Any CPU.ActiveCfg = Release|Any CPU
		{A85BD4C9-A320-43B2-86EF-34AE4383CFDA}.Release|Any CPU.Build.0 = Release|Any CPU
	EndGlobalSection
	GlobalSection(SolutionProperties) = preSolution
		HideSolutionNode = FALSE
	EndGlobalSection
	GlobalSection(ExtensibilityGlobals) = postSolution
		SolutionGuid = {50423E88-7030-4E94-97CD-BF89D3005011}
	EndGlobalSection
EndGlobal
