
Microsoft Visual Studio Solution File, Format Version 12.00
# Visual Studio Version 16
VisualStudioVersion = 16.0.30114.105
MinimumVisualStudioVersion = 10.0.40219.1
Project("{FAE04EC0-301F-11D3-BF4B-00C04F79EFBC}") = "AdventOfCode.Lib", "..\..\..\AdventOfCode\AdventOfCode.Lib\AdventOfCode.Lib.csproj", "{21878907-7A4F-4776-9D1C-05838AB39BF1}"
EndProject
Project("{FAE04EC0-301F-11D3-BF4B-00C04F79EFBC}") = "GiantSquid.App", "GiantSquid.App\GiantSquid.App.csproj", "{70C8F61E-E66A-4A5D-8B3E-FFAD32492909}"
EndProject
Global
	GlobalSection(SolutionConfigurationPlatforms) = preSolution
		Debug|Any CPU = Debug|Any CPU
		Debug|x64 = Debug|x64
		Debug|x86 = Debug|x86
		Release|Any CPU = Release|Any CPU
		Release|x64 = Release|x64
		Release|x86 = Release|x86
	EndGlobalSection
	GlobalSection(SolutionProperties) = preSolution
		HideSolutionNode = FALSE
	EndGlobalSection
	GlobalSection(ProjectConfigurationPlatforms) = postSolution
		{21878907-7A4F-4776-9D1C-05838AB39BF1}.Debug|Any CPU.ActiveCfg = Debug|Any CPU
		{21878907-7A4F-4776-9D1C-05838AB39BF1}.Debug|Any CPU.Build.0 = Debug|Any CPU
		{21878907-7A4F-4776-9D1C-05838AB39BF1}.Debug|x64.ActiveCfg = Debug|Any CPU
		{21878907-7A4F-4776-9D1C-05838AB39BF1}.Debug|x64.Build.0 = Debug|Any CPU
		{21878907-7A4F-4776-9D1C-05838AB39BF1}.Debug|x86.ActiveCfg = Debug|Any CPU
		{21878907-7A4F-4776-9D1C-05838AB39BF1}.Debug|x86.Build.0 = Debug|Any CPU
		{21878907-7A4F-4776-9D1C-05838AB39BF1}.Release|Any CPU.ActiveCfg = Release|Any CPU
		{21878907-7A4F-4776-9D1C-05838AB39BF1}.Release|Any CPU.Build.0 = Release|Any CPU
		{21878907-7A4F-4776-9D1C-05838AB39BF1}.Release|x64.ActiveCfg = Release|Any CPU
		{21878907-7A4F-4776-9D1C-05838AB39BF1}.Release|x64.Build.0 = Release|Any CPU
		{21878907-7A4F-4776-9D1C-05838AB39BF1}.Release|x86.ActiveCfg = Release|Any CPU
		{21878907-7A4F-4776-9D1C-05838AB39BF1}.Release|x86.Build.0 = Release|Any CPU
		{70C8F61E-E66A-4A5D-8B3E-FFAD32492909}.Debug|Any CPU.ActiveCfg = Debug|Any CPU
		{70C8F61E-E66A-4A5D-8B3E-FFAD32492909}.Debug|Any CPU.Build.0 = Debug|Any CPU
		{70C8F61E-E66A-4A5D-8B3E-FFAD32492909}.Debug|x64.ActiveCfg = Debug|Any CPU
		{70C8F61E-E66A-4A5D-8B3E-FFAD32492909}.Debug|x64.Build.0 = Debug|Any CPU
		{70C8F61E-E66A-4A5D-8B3E-FFAD32492909}.Debug|x86.ActiveCfg = Debug|Any CPU
		{70C8F61E-E66A-4A5D-8B3E-FFAD32492909}.Debug|x86.Build.0 = Debug|Any CPU
		{70C8F61E-E66A-4A5D-8B3E-FFAD32492909}.Release|Any CPU.ActiveCfg = Release|Any CPU
		{70C8F61E-E66A-4A5D-8B3E-FFAD32492909}.Release|Any CPU.Build.0 = Release|Any CPU
		{70C8F61E-E66A-4A5D-8B3E-FFAD32492909}.Release|x64.ActiveCfg = Release|Any CPU
		{70C8F61E-E66A-4A5D-8B3E-FFAD32492909}.Release|x64.Build.0 = Release|Any CPU
		{70C8F61E-E66A-4A5D-8B3E-FFAD32492909}.Release|x86.ActiveCfg = Release|Any CPU
		{70C8F61E-E66A-4A5D-8B3E-FFAD32492909}.Release|x86.Build.0 = Release|Any CPU
	EndGlobalSection
EndGlobal
