
Microsoft Visual Studio Solution File, Format Version 12.00
# Visual Studio Version 16
VisualStudioVersion = 16.0.31729.503
MinimumVisualStudioVersion = 10.0.40219.1
Project("{FAE04EC0-301F-11D3-BF4B-00C04F79EFBC}") = "SyntaxScoring.App", "SyntaxScoring.App\SyntaxScoring.App.csproj", "{6469A0A0-999F-413E-8899-A6020C98202B}"
EndProject
Project("{9A19103F-16F7-4668-BE54-9A1E7A4F7556}") = "AdventOfCode.Lib", "..\..\..\AdventOfCode\AdventOfCode.Lib\AdventOfCode.Lib.csproj", "{B1979ED8-70B1-465E-8916-BC7C1BEF9621}"
EndProject
Global
	GlobalSection(SolutionConfigurationPlatforms) = preSolution
		Debug|Any CPU = Debug|Any CPU
		Release|Any CPU = Release|Any CPU
	EndGlobalSection
	GlobalSection(ProjectConfigurationPlatforms) = postSolution
		{6469A0A0-999F-413E-8899-A6020C98202B}.Debug|Any CPU.ActiveCfg = Debug|Any CPU
		{6469A0A0-999F-413E-8899-A6020C98202B}.Debug|Any CPU.Build.0 = Debug|Any CPU
		{6469A0A0-999F-413E-8899-A6020C98202B}.Release|Any CPU.ActiveCfg = Release|Any CPU
		{6469A0A0-999F-413E-8899-A6020C98202B}.Release|Any CPU.Build.0 = Release|Any CPU
		{B1979ED8-70B1-465E-8916-BC7C1BEF9621}.Debug|Any CPU.ActiveCfg = Debug|Any CPU
		{B1979ED8-70B1-465E-8916-BC7C1BEF9621}.Debug|Any CPU.Build.0 = Debug|Any CPU
		{B1979ED8-70B1-465E-8916-BC7C1BEF9621}.Release|Any CPU.ActiveCfg = Release|Any CPU
		{B1979ED8-70B1-465E-8916-BC7C1BEF9621}.Release|Any CPU.Build.0 = Release|Any CPU
	EndGlobalSection
	GlobalSection(SolutionProperties) = preSolution
		HideSolutionNode = FALSE
	EndGlobalSection
	GlobalSection(ExtensibilityGlobals) = postSolution
		SolutionGuid = {B31727A6-15C5-480B-A1D2-C0EDD007D0B5}
	EndGlobalSection
EndGlobal
