
Microsoft Visual Studio Solution File, Format Version 12.00
# Visual Studio Version 17
VisualStudioVersion = 17.0.31903.59
MinimumVisualStudioVersion = 10.0.40219.1
Project("{FAE04EC0-301F-11D3-BF4B-00C04F79EFBC}") = "HauntedWasteland.App", "HauntedWasteland.App\HauntedWasteland.App.csproj", "{96DEAD2D-9A2D-4FBE-981B-06B7D102858D}"
EndProject
Project("{FAE04EC0-301F-11D3-BF4B-00C04F79EFBC}") = "AdventOfCode.Lib", "..\..\..\AdventOfCode\AdventOfCode.Lib\AdventOfCode.Lib.csproj", "{80A4D0C5-1C25-40B5-AFEA-C191B0BC0E14}"
EndProject
Global
	GlobalSection(SolutionConfigurationPlatforms) = preSolution
		Debug|Any CPU = Debug|Any CPU
		Release|Any CPU = Release|Any CPU
	EndGlobalSection
	GlobalSection(SolutionProperties) = preSolution
		HideSolutionNode = FALSE
	EndGlobalSection
	GlobalSection(ProjectConfigurationPlatforms) = postSolution
		{96DEAD2D-9A2D-4FBE-981B-06B7D102858D}.Debug|Any CPU.ActiveCfg = Debug|Any CPU
		{96DEAD2D-9A2D-4FBE-981B-06B7D102858D}.Debug|Any CPU.Build.0 = Debug|Any CPU
		{96DEAD2D-9A2D-4FBE-981B-06B7D102858D}.Release|Any CPU.ActiveCfg = Release|Any CPU
		{96DEAD2D-9A2D-4FBE-981B-06B7D102858D}.Release|Any CPU.Build.0 = Release|Any CPU
		{80A4D0C5-1C25-40B5-AFEA-C191B0BC0E14}.Debug|Any CPU.ActiveCfg = Debug|Any CPU
		{80A4D0C5-1C25-40B5-AFEA-C191B0BC0E14}.Debug|Any CPU.Build.0 = Debug|Any CPU
		{80A4D0C5-1C25-40B5-AFEA-C191B0BC0E14}.Release|Any CPU.ActiveCfg = Release|Any CPU
		{80A4D0C5-1C25-40B5-AFEA-C191B0BC0E14}.Release|Any CPU.Build.0 = Release|Any CPU
	EndGlobalSection
EndGlobal
